PODS:
  - Alamofire (4.8.1)
  - Unbox (3.1.0)

DEPENDENCIES:
  - Alamofire (~> 4.7)
  - Unbox (from `https://github.com/kareman/Unbox.git`, branch `Swift5`)

SPEC REPOS:
  https://github.com/cocoapods/specs.git:
    - Alamofire

EXTERNAL SOURCES:
  Unbox:
    :branch: Swift5
    :git: https://github.com/kareman/Unbox.git

CHECKOUT OPTIONS:
  Unbox:
    :commit: f64cd8cb75ce9313884415d88df57fbb692684ee
    :git: https://github.com/kareman/Unbox.git

SPEC CHECKSUMS:
  Alamofire: 16ce2c353fb72865124ddae8a57c5942388f4f11
  Unbox: d154f2bfe07251083b60b011a6c98f4598e281f7

PODFILE CHECKSUM: 9fe5d52c240e0978ea6bca98eae8765923f87685

COCOAPODS: 1.6.1
